
Microsoft Visual Studio Solution File, Format Version 10.00
# Visual Studio 2008
Project("{8BC9CEB8-8B4A-11D0-8D11-00A0C91BC942}") = "dreamworks", "dreamworks\dreamworks.vcproj", "{CBA515CC-4A0B-4058-946F-5F888E333683}"
EndProject
Project("{8BC9CEB8-8B4A-11D0-8D11-00A0C91BC942}") = "testFreeImage", "testFreeImage\testFreeImage.vcproj", "{29634E41-11A5-496D-ABF5-045050A909A2}"
EndProject
Project("{8BC9CEB8-8B4A-11D0-8D11-00A0C91BC942}") = "MergeJpg", "MergeJpg\MergeJpg.vcproj", "{4E6CCC55-329E-44C6-924F-A3876FBC1EE7}"
	ProjectSection(ProjectDependencies) = postProject
		{5E1D4E5F-E10C-4BA3-B663-F33014FD21D9} = {5E1D4E5F-E10C-4BA3-B663-F33014FD21D9}
	EndProjectSection
EndProject
Project("{8BC9CEB8-8B4A-11D0-8D11-00A0C91BC942}") = "LibJPEG", "MergeJpg\LibJPEG\LibJPEG.2008.vcproj", "{5E1D4E5F-E10C-4BA3-B663-F33014FD21D9}"
EndProject
Global
	GlobalSection(SolutionConfigurationPlatforms) = preSolution
		Debug|Win32 = Debug|Win32
		Release|Win32 = Release|Win32
	EndGlobalSection
	GlobalSection(ProjectConfigurationPlatforms) = postSolution
		{CBA515CC-4A0B-4058-946F-5F888E333683}.Debug|Win32.ActiveCfg = Debug|Win32
		{CBA515CC-4A0B-4058-946F-5F888E333683}.Debug|Win32.Build.0 = Debug|Win32
		{CBA515CC-4A0B-4058-946F-5F888E333683}.Release|Win32.ActiveCfg = Release|Win32
		{CBA515CC-4A0B-4058-946F-5F888E333683}.Release|Win32.Build.0 = Release|Win32
		{29634E41-11A5-496D-ABF5-045050A909A2}.Debug|Win32.ActiveCfg = Debug|Win32
		{29634E41-11A5-496D-ABF5-045050A909A2}.Debug|Win32.Build.0 = Debug|Win32
		{29634E41-11A5-496D-ABF5-045050A909A2}.Release|Win32.ActiveCfg = Release|Win32
		{29634E41-11A5-496D-ABF5-045050A909A2}.Release|Win32.Build.0 = Release|Win32
		{4E6CCC55-329E-44C6-924F-A3876FBC1EE7}.Debug|Win32.ActiveCfg = Debug|Win32
		{4E6CCC55-329E-44C6-924F-A3876FBC1EE7}.Debug|Win32.Build.0 = Debug|Win32
		{4E6CCC55-329E-44C6-924F-A3876FBC1EE7}.Release|Win32.ActiveCfg = Release|Win32
		{4E6CCC55-329E-44C6-924F-A3876FBC1EE7}.Release|Win32.Build.0 = Release|Win32
		{5E1D4E5F-E10C-4BA3-B663-F33014FD21D9}.Debug|Win32.ActiveCfg = Debug|Win32
		{5E1D4E5F-E10C-4BA3-B663-F33014FD21D9}.Debug|Win32.Build.0 = Debug|Win32
		{5E1D4E5F-E10C-4BA3-B663-F33014FD21D9}.Release|Win32.ActiveCfg = Release|Win32
		{5E1D4E5F-E10C-4BA3-B663-F33014FD21D9}.Release|Win32.Build.0 = Release|Win32
	EndGlobalSection
	GlobalSection(SolutionProperties) = preSolution
		HideSolutionNode = FALSE
	EndGlobalSection
EndGlobal
